{
  "name": "bio-game",
  "lockfileVersion": 3,
  "requires": true,
  "packages": {
    "": {
      "dependencies": {
        "@fontsource/zcool-kuaile": "^5.2.7"
      }
    },
    "node_modules/@fontsource/zcool-kuaile": {
      "version": "5.2.7",
      "resolved": "https://registry.npmjs.org/@fontsource/zcool-kuaile/-/zcool-kuaile-5.2.7.tgz",
      "integrity": "sha512-EjC1RtoN/4sVcvmJ8HEDQjPyfNflZrUrVx4zPANz7yOcHpgr5xGnwFe2bIl2EB/X9hElQ02KwnI0aYFAxljIew==",
      "license": "OFL-1.1",
      "funding": {
        "url": "https://github.com/sponsors/ayuhito"
      }
    }
  }
}
